// !$*UTF8*$!
{
	archiveVersion = 1;
	classes = {
	};
	objectVersion = 50;
	objects = {

/* Begin PBXBuildFile section */
		060798FD26C2D4E400EF732C /* AppDelegate.swift in Sources */ = {isa = PBXBuildFile; fileRef = 060798FC26C2D4E400EF732C /* AppDelegate.swift */; };
		060798FF26C2D4E400EF732C /* SceneDelegate.swift in Sources */ = {isa = PBXBuildFile; fileRef = 060798FE26C2D4E400EF732C /* SceneDelegate.swift */; };
		0607990126C2D4E400EF732C /* ViewController.swift in Sources */ = {isa = PBXBuildFile; fileRef = 0607990026C2D4E400EF732C /* ViewController.swift */; };
		0607990426C2D4E400EF732C /* Main.storyboard in Resources */ = {isa = PBXBuildFile; fileRef = 0607990226C2D4E400EF732C /* Main.storyboard */; };
		0607990626C2D4E500EF732C /* Assets.xcassets in Resources */ = {isa = PBXBuildFile; fileRef = 0607990526C2D4E500EF732C /* Assets.xcassets */; };
		0607990926C2D4E500EF732C /* LaunchScreen.storyboard in Resources */ = {isa = PBXBuildFile; fileRef = 0607990726C2D4E500EF732C /* LaunchScreen.storyboard */; };
		0607991426C2D4E500EF732C /* swiftStudyTests.swift in Sources */ = {isa = PBXBuildFile; fileRef = 0607991326C2D4E500EF732C /* swiftStudyTests.swift */; };
		0607991F26C2D4E500EF732C /* swiftStudyUITests.swift in Sources */ = {isa = PBXBuildFile; fileRef = 0607991E26C2D4E500EF732C /* swiftStudyUITests.swift */; };
		0607992D26C2DC3D00EF732C /* LaunchScreen2.storyboard in Resources */ = {isa = PBXBuildFile; fileRef = 0607992C26C2DC3D00EF732C /* LaunchScreen2.storyboard */; };
		0607992F26C2EACE00EF732C /* SecondViewController.swift in Sources */ = {isa = PBXBuildFile; fileRef = 0607992E26C2EACE00EF732C /* SecondViewController.swift */; };
		0607993126C2F54B00EF732C /* CustomSegue.swift in Sources */ = {isa = PBXBuildFile; fileRef = 0607993026C2F54B00EF732C /* CustomSegue.swift */; };
		0607993326C2FB0600EF732C /* CustomUnwind.swift in Sources */ = {isa = PBXBuildFile; fileRef = 0607993226C2FB0600EF732C /* CustomUnwind.swift */; };
/* End PBXBuildFile section */

/* Begin PBXContainerItemProxy section */
		0607991026C2D4E500EF732C /* PBXContainerItemProxy */ = {
			isa = PBXContainerItemProxy;
			containerPortal = 060798F126C2D4E400EF732C /* Project object */;
			proxyType = 1;
			remoteGlobalIDString = 060798F826C2D4E400EF732C;
			remoteInfo = swiftStudy;
		};
		0607991B26C2D4E500EF732C /* PBXContainerItemProxy */ = {
			isa = PBXContainerItemProxy;
			containerPortal = 060798F126C2D4E400EF732C /* Project object */;
			proxyType = 1;
			remoteGlobalIDString = 060798F826C2D4E400EF732C;
			remoteInfo = swiftStudy;
		};
/* End PBXContainerItemProxy section */

/* Begin PBXFileReference section */
		060798F926C2D4E400EF732C /* swiftStudy.app */ = {isa = PBXFileReference; explicitFileType = wrapper.application; includeInIndex = 0; path = swiftStudy.app; sourceTree = BUILT_PRODUCTS_DIR; };
		060798FC26C2D4E400EF732C /* AppDelegate.swift */ = {isa = PBXFileReference; lastKnownFileType = sourcecode.swift; path = AppDelegate.swift; sourceTree = "<group>"; };
		060798FE26C2D4E400EF732C /* SceneDelegate.swift */ = {isa = PBXFileReference; lastKnownFileType = sourcecode.swift; path = SceneDelegate.swift; sourceTree = "<group>"; };
		0607990026C2D4E400EF732C /* ViewController.swift */ = {isa = PBXFileReference; lastKnownFileType = sourcecode.swift; path = ViewController.swift; sourceTree = "<group>"; };
		0607990326C2D4E400EF732C /* Base */ = {isa = PBXFileReference; lastKnownFileType = file.storyboard; name = Base; path = Base.lproj/Main.storyboard; sourceTree = "<group>"; };
		0607990526C2D4E500EF732C /* Assets.xcassets */ = {isa = PBXFileReference; lastKnownFileType = folder.assetcatalog; path = Assets.xcassets; sourceTree = "<group>"; };
		0607990826C2D4E500EF732C /* Base */ = {isa = PBXFileReference; lastKnownFileType = file.storyboard; name = Base; path = Base.lproj/LaunchScreen.storyboard; sourceTree = "<group>"; };
		0607990A26C2D4E500EF732C /* Info.plist */ = {isa = PBXFileReference; lastKnownFileType = text.plist.xml; path = Info.plist; sourceTree = "<group>"; };
		0607990F26C2D4E500EF732C /* swiftStudyTests.xctest */ = {isa = PBXFileReference; explicitFileType = wrapper.cfbundle; includeInIndex = 0; path = swiftStudyTests.xctest; sourceTree = BUILT_PRODUCTS_DIR; };
		0607991326C2D4E500EF732C /* swiftStudyTests.swift */ = {isa = PBXFileReference; lastKnownFileType = sourcecode.swift; path = swiftStudyTests.swift; sourceTree = "<group>"; };
		0607991526C2D4E500EF732C /* Info.plist */ = {isa = PBXFileReference; lastKnownFileType = text.plist.xml; path = Info.plist; sourceTree = "<group>"; };
		0607991A26C2D4E500EF732C /* swiftStudyUITests.xctest */ = {isa = PBXFileReference; explicitFileType = wrapper.cfbundle; includeInIndex = 0; path = swiftStudyUITests.xctest; sourceTree = BUILT_PRODUCTS_DIR; };
		0607991E26C2D4E500EF732C /* swiftStudyUITests.swift */ = {isa = PBXFileReference; lastKnownFileType = sourcecode.swift; path = swiftStudyUITests.swift; sourceTree = "<group>"; };
		0607992026C2D4E500EF732C /* Info.plist */ = {isa = PBXFileReference; lastKnownFileType = text.plist.xml; path = Info.plist; sourceTree = "<group>"; };
		0607992C26C2DC3D00EF732C /* LaunchScreen2.storyboard */ = {isa = PBXFileReference; lastKnownFileType = file.storyboard; path = LaunchScreen2.storyboard; sourceTree = "<group>"; };
		0607992E26C2EACE00EF732C /* SecondViewController.swift */ = {isa = PBXFileReference; lastKnownFileType = sourcecode.swift; path = SecondViewController.swift; sourceTree = "<group>"; };
		0607993026C2F54B00EF732C /* CustomSegue.swift */ = {isa = PBXFileReference; lastKnownFileType = sourcecode.swift; path = CustomSegue.swift; sourceTree = "<group>"; };
		0607993226C2FB0600EF732C /* CustomUnwind.swift */ = {isa = PBXFileReference; lastKnownFileType = sourcecode.swift; path = CustomUnwind.swift; sourceTree = "<group>"; };
/* End PBXFileReference section */

/* Begin PBXFrameworksBuildPhase section */
		060798F626C2D4E400EF732C /* Frameworks */ = {
			isa = PBXFrameworksBuildPhase;
			buildActionMask = 2147483647;
			files = (
			);
			runOnlyForDeploymentPostprocessing = 0;
		};
		0607990C26C2D4E500EF732C /* Frameworks */ = {
			isa = PBXFrameworksBuildPhase;
			buildActionMask = 2147483647;
			files = (
			);
			runOnlyForDeploymentPostprocessing = 0;
		};
		0607991726C2D4E500EF732C /* Frameworks */ = {
			isa = PBXFrameworksBuildPhase;
			buildActionMask = 2147483647;
			files = (
			);
			runOnlyForDeploymentPostprocessing = 0;
		};
/* End PBXFrameworksBuildPhase section */

/* Begin PBXGroup section */
		060798F026C2D4E400EF732C = {
			isa = PBXGroup;
			children = (
				060798FB26C2D4E400EF732C /* swiftStudy */,
				0607991226C2D4E500EF732C /* swiftStudyTests */,
				0607991D26C2D4E500EF732C /* swiftStudyUITests */,
				060798FA26C2D4E400EF732C /* Products */,
			);
			sourceTree = "<group>";
		};
		060798FA26C2D4E400EF732C /* Products */ = {
			isa = PBXGroup;
			children = (
				060798F926C2D4E400EF732C /* swiftStudy.app */,
				0607990F26C2D4E500EF732C /* swiftStudyTests.xctest */,
				0607991A26C2D4E500EF732C /* swiftStudyUITests.xctest */,
			);
			name = Products;
			sourceTree = "<group>";
		};
		060798FB26C2D4E400EF732C /* swiftStudy */ = {
			isa = PBXGroup;
			children = (
				060798FC26C2D4E400EF732C /* AppDelegate.swift */,
				060798FE26C2D4E400EF732C /* SceneDelegate.swift */,
				0607990026C2D4E400EF732C /* ViewController.swift */,
				0607990226C2D4E400EF732C /* Main.storyboard */,
				0607990526C2D4E500EF732C /* Assets.xcassets */,
				0607990726C2D4E500EF732C /* LaunchScreen.storyboard */,
				0607990A26C2D4E500EF732C /* Info.plist */,
				0607992C26C2DC3D00EF732C /* LaunchScreen2.storyboard */,
				0607992E26C2EACE00EF732C /* SecondViewController.swift */,
				0607993026C2F54B00EF732C /* CustomSegue.swift */,
				0607993226C2FB0600EF732C /* CustomUnwind.swift */,
			);
			path = swiftStudy;
			sourceTree = "<group>";
		};
		0607991226C2D4E500EF732C /* swiftStudyTests */ = {
			isa = PBXGroup;
			children = (
				0607991326C2D4E500EF732C /* swiftStudyTests.swift */,
				0607991526C2D4E500EF732C /* Info.plist */,
			);
			path = swiftStudyTests;
			sourceTree = "<group>";
		};
		0607991D26C2D4E500EF732C /* swiftStudyUITests */ = {
			isa = PBXGroup;
			children = (
				0607991E26C2D4E500EF732C /* swiftStudyUITests.swift */,
				0607992026C2D4E500EF732C /* Info.plist */,
			);
			path = swiftStudyUITests;
			sourceTree = "<group>";
		};
/* End PBXGroup section */

/* Begin PBXNativeTarget section */
		060798F826C2D4E400EF732C /* swiftStudy */ = {
			isa = PBXNativeTarget;
			buildConfigurationList = 0607992326C2D4E500EF732C /* Build configuration list for PBXNativeTarget "swiftStudy" */;
			buildPhases = (
				060798F526C2D4E400EF732C /* Sources */,
				060798F626C2D4E400EF732C /* Frameworks */,
				060798F726C2D4E400EF732C /* Resources */,
			);
			buildRules = (
			);
			dependencies = (
			);
			name = swiftStudy;
			productName = swiftStudy;
			productReference = 060798F926C2D4E400EF732C /* swiftStudy.app */;
			productType = "com.apple.product-type.application";
		};
		0607990E26C2D4E500EF732C /* swiftStudyTests */ = {
			isa = PBXNativeTarget;
			buildConfigurationList = 0607992626C2D4E500EF732C /* Build configuration list for PBXNativeTarget "swiftStudyTests" */;
			buildPhases = (
				0607990B26C2D4E500EF732C /* Sources */,
				0607990C26C2D4E500EF732C /* Frameworks */,
				0607990D26C2D4E500EF732C /* Resources */,
			);
			buildRules = (
			);
			dependencies = (
				0607991126C2D4E500EF732C /* PBXTargetDependency */,
			);
			name = swiftStudyTests;
			productName = swiftStudyTests;
			productReference = 0607990F26C2D4E500EF732C /* swiftStudyTests.xctest */;
			productType = "com.apple.product-type.bundle.unit-test";
		};
		0607991926C2D4E500EF732C /* swiftStudyUITests */ = {
			isa = PBXNativeTarget;
			buildConfigurationList = 0607992926C2D4E500EF732C /* Build configuration list for PBXNativeTarget "swiftStudyUITests" */;
			buildPhases = (
				0607991626C2D4E500EF732C /* Sources */,
				0607991726C2D4E500EF732C /* Frameworks */,
				0607991826C2D4E500EF732C /* Resources */,
			);
			buildRules = (
			);
			dependencies = (
				0607991C26C2D4E500EF732C /* PBXTargetDependency */,
			);
			name = swiftStudyUITests;
			productName = swiftStudyUITests;
			productReference = 0607991A26C2D4E500EF732C /* swiftStudyUITests.xctest */;
			productType = "com.apple.product-type.bundle.ui-testing";
		};
/* End PBXNativeTarget section */

/* Begin PBXProject section */
		060798F126C2D4E400EF732C /* Project object */ = {
			isa = PBXProject;
			attributes = {
				LastSwiftUpdateCheck = 1250;
				LastUpgradeCheck = 1250;
				TargetAttributes = {
					060798F826C2D4E400EF732C = {
						CreatedOnToolsVersion = 12.5.1;
					};
					0607990E26C2D4E500EF732C = {
						CreatedOnToolsVersion = 12.5.1;
						TestTargetID = 060798F826C2D4E400EF732C;
					};
					0607991926C2D4E500EF732C = {
						CreatedOnToolsVersion = 12.5.1;
						TestTargetID = 060798F826C2D4E400EF732C;
					};
				};
			};
			buildConfigurationList = 060798F426C2D4E400EF732C /* Build configuration list for PBXProject "swiftStudy" */;
			compatibilityVersion = "Xcode 9.3";
			developmentRegion = en;
			hasScannedForEncodings = 0;
			knownRegions = (
				en,
				Base,
			);
			mainGroup = 060798F026C2D4E400EF732C;
			productRefGroup = 060798FA26C2D4E400EF732C /* Products */;
			projectDirPath = "";
			projectRoot = "";
			targets = (
				060798F826C2D4E400EF732C /* swiftStudy */,
				0607990E26C2D4E500EF732C /* swiftStudyTests */,
				0607991926C2D4E500EF732C /* swiftStudyUITests */,
			);
		};
/* End PBXProject section */

/* Begin PBXResourcesBuildPhase section */
		060798F726C2D4E400EF732C /* Resources */ = {
			isa = PBXResourcesBuildPhase;
			buildActionMask = 2147483647;
			files = (
				0607992D26C2DC3D00EF732C /* LaunchScreen2.storyboard in Resources */,
				0607990926C2D4E500EF732C /* LaunchScreen.storyboard in Resources */,
				0607990626C2D4E500EF732C /* Assets.xcassets in Resources */,
				0607990426C2D4E400EF732C /* Main.storyboard in Resources */,
			);
			runOnlyForDeploymentPostprocessing = 0;
		};
		0607990D26C2D4E500EF732C /* Resources */ = {
			isa = PBXResourcesBuildPhase;
			buildActionMask = 2147483647;
			files = (
			);
			runOnlyForDeploymentPostprocessing = 0;
		};
		0607991826C2D4E500EF732C /* Resources */ = {
			isa = PBXResourcesBuildPhase;
			buildActionMask = 2147483647;
			files = (
			);
			runOnlyForDeploymentPostprocessing = 0;
		};
/* End PBXResourcesBuildPhase section */

/* Begin PBXSourcesBuildPhase section */
		060798F526C2D4E400EF732C /* Sources */ = {
			isa = PBXSourcesBuildPhase;
			buildActionMask = 2147483647;
			files = (
				0607992F26C2EACE00EF732C /* SecondViewController.swift in Sources */,
				0607993326C2FB0600EF732C /* CustomUnwind.swift in Sources */,
				0607990126C2D4E400EF732C /* ViewController.swift in Sources */,
				060798FD26C2D4E400EF732C /* AppDelegate.swift in Sources */,
				0607993126C2F54B00EF732C /* CustomSegue.swift in Sources */,
				060798FF26C2D4E400EF732C /* SceneDelegate.swift in Sources */,
			);
			runOnlyForDeploymentPostprocessing = 0;
		};
		0607990B26C2D4E500EF732C /* Sources */ = {
			isa = PBXSourcesBuildPhase;
			buildActionMask = 2147483647;
			files = (
				0607991426C2D4E500EF732C /* swiftStudyTests.swift in Sources */,
			);
			runOnlyForDeploymentPostprocessing = 0;
		};
		0607991626C2D4E500EF732C /* Sources */ = {
			isa = PBXSourcesBuildPhase;
			buildActionMask = 2147483647;
			files = (
				0607991F26C2D4E500EF732C /* swiftStudyUITests.swift in Sources */,
			);
			runOnlyForDeploymentPostprocessing = 0;
		};
/* End PBXSourcesBuildPhase section */

/* Begin PBXTargetDependency section */
		0607991126C2D4E500EF732C /* PBXTargetDependency */ = {
			isa = PBXTargetDependency;
			target = 060798F826C2D4E400EF732C /* swiftStudy */;
			targetProxy = 0607991026C2D4E500EF732C /* PBXContainerItemProxy */;
		};
		0607991C26C2D4E500EF732C /* PBXTargetDependency */ = {
			isa = PBXTargetDependency;
			target = 060798F826C2D4E400EF732C /* swiftStudy */;
			targetProxy = 0607991B26C2D4E500EF732C /* PBXContainerItemProxy */;
		};
/* End PBXTargetDependency section */

/* Begin PBXVariantGroup section */
		0607990226C2D4E400EF732C /* Main.storyboard */ = {
			isa = PBXVariantGroup;
			children = (
				0607990326C2D4E400EF732C /* Base */,
			);
			name = Main.storyboard;
			sourceTree = "<group>";
		};
		0607990726C2D4E500EF732C /* LaunchScreen.storyboard */ = {
			isa = PBXVariantGroup;
			children = (
				0607990826C2D4E500EF732C /* Base */,
			);
			name = LaunchScreen.storyboard;
			sourceTree = "<group>";
		};
/* End PBXVariantGroup section */

/* Begin XCBuildConfiguration section */
		0607992126C2D4E500EF732C /* Debug */ = {
			isa = XCBuildConfiguration;
			buildSettings = {
				ALWAYS_SEARCH_USER_PATHS = NO;
				CLANG_ANALYZER_NONNULL = YES;
				CLANG_ANALYZER_NUMBER_OBJECT_CONVERSION = YES_AGGRESSIVE;
				CLANG_CXX_LANGUAGE_STANDARD = "gnu++14";
				CLANG_CXX_LIBRARY = "libc++";
				CLANG_ENABLE_MODULES = YES;
				CLANG_ENABLE_OBJC_ARC = YES;
				CLANG_ENABLE_OBJC_WEAK = YES;
				CLANG_WARN_BLOCK_CAPTURE_AUTORELEASING = YES;
				CLANG_WARN_BOOL_CONVERSION = YES;
				CLANG_WARN_COMMA = YES;
				CLANG_WARN_CONSTANT_CONVERSION = YES;
				CLANG_WARN_DEPRECATED_OBJC_IMPLEMENTATIONS = YES;
				CLANG_WARN_DIRECT_OBJC_ISA_USAGE = YES_ERROR;
				CLANG_WARN_DOCUMENTATION_COMMENTS = YES;
				CLANG_WARN_EMPTY_BODY = YES;
				CLANG_WARN_ENUM_CONVERSION = YES;
				CLANG_WARN_INFINITE_RECURSION = YES;
				CLANG_WARN_INT_CONVERSION = YES;
				CLANG_WARN_NON_LITERAL_NULL_CONVERSION = YES;
				CLANG_WARN_OBJC_IMPLICIT_RETAIN_SELF = YES;
				CLANG_WARN_OBJC_LITERAL_CONVERSION = YES;
				CLANG_WARN_OBJC_ROOT_CLASS = YES_ERROR;
				CLANG_WARN_QUOTED_INCLUDE_IN_FRAMEWORK_HEADER = YES;
				CLANG_WARN_RANGE_LOOP_ANALYSIS = YES;
				CLANG_WARN_STRICT_PROTOTYPES = YES;
				CLANG_WARN_SUSPICIOUS_MOVE = YES;
				CLANG_WARN_UNGUARDED_AVAILABILITY = YES_AGGRESSIVE;
				CLANG_WARN_UNREACHABLE_CODE = YES;
				CLANG_WARN__DUPLICATE_METHOD_MATCH = YES;
				COPY_PHASE_STRIP = NO;
				DEBUG_INFORMATION_FORMAT = dwarf;
				ENABLE_STRICT_OBJC_MSGSEND = YES;
				ENABLE_TESTABILITY = YES;
				GCC_C_LANGUAGE_STANDARD = gnu11;
				GCC_DYNAMIC_NO_PIC = NO;
				GCC_NO_COMMON_BLOCKS = YES;
				GCC_OPTIMIZATION_LEVEL = 0;
				GCC_PREPROCESSOR_DEFINITIONS = (
					"DEBUG=1",
					"$(inherited)",
				);
				GCC_WARN_64_TO_32_BIT_CONVERSION = YES;
				GCC_WARN_ABOUT_RETURN_TYPE = YES_ERROR;
				GCC_WARN_UNDECLARED_SELECTOR = YES;
				GCC_WARN_UNINITIALIZED_AUTOS = YES_AGGRESSIVE;
				GCC_WARN_UNUSED_FUNCTION = YES;
				GCC_WARN_UNUSED_VARIABLE = YES;
				IPHONEOS_DEPLOYMENT_TARGET = 14.5;
				MTL_ENABLE_DEBUG_INFO = INCLUDE_SOURCE;
				MTL_FAST_MATH = YES;
				ONLY_ACTIVE_ARCH = YES;
				SDKROOT = iphoneos;
				SWIFT_ACTIVE_COMPILATION_CONDITIONS = DEBUG;
				SWIFT_OPTIMIZATION_LEVEL = "-Onone";
			};
			name = Debug;
		};
		0607992226C2D4E500EF732C /* Release */ = {
			isa = XCBuildConfiguration;
			buildSettings = {
				ALWAYS_SEARCH_USER_PATHS = NO;
				CLANG_ANALYZER_NONNULL = YES;
				CLANG_ANALYZER_NUMBER_OBJECT_CONVERSION = YES_AGGRESSIVE;
				CLANG_CXX_LANGUAGE_STANDARD = "gnu++14";
				CLANG_CXX_LIBRARY = "libc++";
				CLANG_ENABLE_MODULES = YES;
				CLANG_ENABLE_OBJC_ARC = YES;
				CLANG_ENABLE_OBJC_WEAK = YES;
				CLANG_WARN_BLOCK_CAPTURE_AUTORELEASING = YES;
				CLANG_WARN_BOOL_CONVERSION = YES;
				CLANG_WARN_COMMA = YES;
				CLANG_WARN_CONSTANT_CONVERSION = YES;
				CLANG_WARN_DEPRECATED_OBJC_IMPLEMENTATIONS = YES;
				CLANG_WARN_DIRECT_OBJC_ISA_USAGE = YES_ERROR;
				CLANG_WARN_DOCUMENTATION_COMMENTS = YES;
				CLANG_WARN_EMPTY_BODY = YES;
				CLANG_WARN_ENUM_CONVERSION = YES;
				CLANG_WARN_INFINITE_RECURSION = YES;
				CLANG_WARN_INT_CONVERSION = YES;
				CLANG_WARN_NON_LITERAL_NULL_CONVERSION = YES;
				CLANG_WARN_OBJC_IMPLICIT_RETAIN_SELF = YES;
				CLANG_WARN_OBJC_LITERAL_CONVERSION = YES;
				CLANG_WARN_OBJC_ROOT_CLASS = YES_ERROR;
				CLANG_WARN_QUOTED_INCLUDE_IN_FRAMEWORK_HEADER = YES;
				CLANG_WARN_RANGE_LOOP_ANALYSIS = YES;
				CLANG_WARN_STRICT_PROTOTYPES = YES;
				CLANG_WARN_SUSPICIOUS_MOVE = YES;
				CLANG_WARN_UNGUARDED_AVAILABILITY = YES_AGGRESSIVE;
				CLANG_WARN_UNREACHABLE_CODE = YES;
				CLANG_WARN__DUPLICATE_METHOD_MATCH = YES;
				COPY_PHASE_STRIP = NO;
				DEBUG_INFORMATION_FORMAT = "dwarf-with-dsym";
				ENABLE_NS_ASSERTIONS = NO;
				ENABLE_STRICT_OBJC_MSGSEND = YES;
				GCC_C_LANGUAGE_STANDARD = gnu11;
				GCC_NO_COMMON_BLOCKS = YES;
				GCC_WARN_64_TO_32_BIT_CONVERSION = YES;
				GCC_WARN_ABOUT_RETURN_TYPE = YES_ERROR;
				GCC_WARN_UNDECLARED_SELECTOR = YES;
				GCC_WARN_UNINITIALIZED_AUTOS = YES_AGGRESSIVE;
				GCC_WARN_UNUSED_FUNCTION = YES;
				GCC_WARN_UNUSED_VARIABLE = YES;
				IPHONEOS_DEPLOYMENT_TARGET = 14.5;
				MTL_ENABLE_DEBUG_INFO = NO;
				MTL_FAST_MATH = YES;
				SDKROOT = iphoneos;
				SWIFT_COMPILATION_MODE = wholemodule;
				SWIFT_OPTIMIZATION_LEVEL = "-O";
				VALIDATE_PRODUCT = YES;
			};
			name = Release;
		};
		0607992426C2D4E500EF732C /* Debug */ = {
			isa = XCBuildConfiguration;
			buildSettings = {
				ASSETCATALOG_COMPILER_APPICON_NAME = AppIcon;
				ASSETCATALOG_COMPILER_GLOBAL_ACCENT_COLOR_NAME = AccentColor;
				CODE_SIGN_STYLE = Automatic;
				DEVELOPMENT_TEAM = 687R8W5T99;
				INFOPLIST_FILE = swiftStudy/Info.plist;
				LD_RUNPATH_SEARCH_PATHS = (
					"$(inherited)",
					"@executable_path/Frameworks",
				);
				PRODUCT_BUNDLE_IDENTIFIER = ac.smu.kr.swiftStudy;
				PRODUCT_NAME = "$(TARGET_NAME)";
				SWIFT_VERSION = 5.0;
				TARGETED_DEVICE_FAMILY = "1,2";
			};
			name = Debug;
		};
		0607992526C2D4E500EF732C /* Release */ = {
			isa = XCBuildConfiguration;
			buildSettings = {
				ASSETCATALOG_COMPILER_APPICON_NAME = AppIcon;
				ASSETCATALOG_COMPILER_GLOBAL_ACCENT_COLOR_NAME = AccentColor;
				CODE_SIGN_STYLE = Automatic;
				DEVELOPMENT_TEAM = 687R8W5T99;
				INFOPLIST_FILE = swiftStudy/Info.plist;
				LD_RUNPATH_SEARCH_PATHS = (
					"$(inherited)",
					"@executable_path/Frameworks",
				);
				PRODUCT_BUNDLE_IDENTIFIER = ac.smu.kr.swiftStudy;
				PRODUCT_NAME = "$(TARGET_NAME)";
				SWIFT_VERSION = 5.0;
				TARGETED_DEVICE_FAMILY = "1,2";
			};
			name = Release;
		};
		0607992726C2D4E500EF732C /* Debug */ = {
			isa = XCBuildConfiguration;
			buildSettings = {
				ALWAYS_EMBED_SWIFT_STANDARD_LIBRARIES = YES;
				BUNDLE_LOADER = "$(TEST_HOST)";
				CODE_SIGN_STYLE = Automatic;
				DEVELOPMENT_TEAM = 687R8W5T99;
				INFOPLIST_FILE = swiftStudyTests/Info.plist;
				IPHONEOS_DEPLOYMENT_TARGET = 14.5;
				LD_RUNPATH_SEARCH_PATHS = (
					"$(inherited)",
					"@executable_path/Frameworks",
					"@loader_path/Frameworks",
				);
				PRODUCT_BUNDLE_IDENTIFIER = ac.smu.kr.swiftStudyTests;
				PRODUCT_NAME = "$(TARGET_NAME)";
				SWIFT_VERSION = 5.0;
				TARGETED_DEVICE_FAMILY = "1,2";
				TEST_HOST = "$(BUILT_PRODUCTS_DIR)/swiftStudy.app/swiftStudy";
			};
			name = Debug;
		};
		0607992826C2D4E500EF732C /* Release */ = {
			isa = XCBuildConfiguration;
			buildSettings = {
				ALWAYS_EMBED_SWIFT_STANDARD_LIBRARIES = YES;
				BUNDLE_LOADER = "$(TEST_HOST)";
				CODE_SIGN_STYLE = Automatic;
				DEVELOPMENT_TEAM = 687R8W5T99;
				INFOPLIST_FILE = swiftStudyTests/Info.plist;
				IPHONEOS_DEPLOYMENT_TARGET = 14.5;
				LD_RUNPATH_SEARCH_PATHS = (
					"$(inherited)",
					"@executable_path/Frameworks",
					"@loader_path/Frameworks",
				);
				PRODUCT_BUNDLE_IDENTIFIER = ac.smu.kr.swiftStudyTests;
				PRODUCT_NAME = "$(TARGET_NAME)";
				SWIFT_VERSION = 5.0;
				TARGETED_DEVICE_FAMILY = "1,2";
				TEST_HOST = "$(BUILT_PRODUCTS_DIR)/swiftStudy.app/swiftStudy";
			};
			name = Release;
		};
		0607992A26C2D4E500EF732C /* Debug */ = {
			isa = XCBuildConfiguration;
			buildSettings = {
				ALWAYS_EMBED_SWIFT_STANDARD_LIBRARIES = YES;
				CODE_SIGN_STYLE = Automatic;
				DEVELOPMENT_TEAM = 687R8W5T99;
				INFOPLIST_FILE = swiftStudyUITests/Info.plist;
				LD_RUNPATH_SEARCH_PATHS = (
					"$(inherited)",
					"@executable_path/Frameworks",
					"@loader_path/Frameworks",
				);
				PRODUCT_BUNDLE_IDENTIFIER = ac.smu.kr.swiftStudyUITests;
				PRODUCT_NAME = "$(TARGET_NAME)";
				SWIFT_VERSION = 5.0;
				TARGETED_DEVICE_FAMILY = "1,2";
				TEST_TARGET_NAME = swiftStudy;
			};
			name = Debug;
		};
		0607992B26C2D4E500EF732C /* Release */ = {
			isa = XCBuildConfiguration;
			buildSettings = {
				ALWAYS_EMBED_SWIFT_STANDARD_LIBRARIES = YES;
				CODE_SIGN_STYLE = Automatic;
				DEVELOPMENT_TEAM = 687R8W5T99;
				INFOPLIST_FILE = swiftStudyUITests/Info.plist;
				LD_RUNPATH_SEARCH_PATHS = (
					"$(inherited)",
					"@executable_path/Frameworks",
					"@loader_path/Frameworks",
				);
				PRODUCT_BUNDLE_IDENTIFIER = ac.smu.kr.swiftStudyUITests;
				PRODUCT_NAME = "$(TARGET_NAME)";
				SWIFT_VERSION = 5.0;
				TARGETED_DEVICE_FAMILY = "1,2";
				TEST_TARGET_NAME = swiftStudy;
			};
			name = Release;
		};
/* End XCBuildConfiguration section */

/* Begin XCConfigurationList section */
		060798F426C2D4E400EF732C /* Build configuration list for PBXProject "swiftStudy" */ = {
			isa = XCConfigurationList;
			buildConfigurations = (
				0607992126C2D4E500EF732C /* Debug */,
				0607992226C2D4E500EF732C /* Release */,
			);
			defaultConfigurationIsVisible = 0;
			defaultConfigurationName = Release;
		};
		0607992326C2D4E500EF732C /* Build configuration list for PBXNativeTarget "swiftStudy" */ = {
			isa = XCConfigurationList;
			buildConfigurations = (
				0607992426C2D4E500EF732C /* Debug */,
				0607992526C2D4E500EF732C /* Release */,
			);
			defaultConfigurationIsVisible = 0;
			defaultConfigurationName = Release;
		};
		0607992626C2D4E500EF732C /* Build configuration list for PBXNativeTarget "swiftStudyTests" */ = {
			isa = XCConfigurationList;
			buildConfigurations = (
				0607992726C2D4E500EF732C /* Debug */,
				0607992826C2D4E500EF732C /* Release */,
			);
			defaultConfigurationIsVisible = 0;
			defaultConfigurationName = Release;
		};
		0607992926C2D4E500EF732C /* Build configuration list for PBXNativeTarget "swiftStudyUITests" */ = {
			isa = XCConfigurationList;
			buildConfigurations = (
				0607992A26C2D4E500EF732C /* Debug */,
				0607992B26C2D4E500EF732C /* Release */,
			);
			defaultConfigurationIsVisible = 0;
			defaultConfigurationName = Release;
		};
/* End XCConfigurationList section */
	};
	rootObject = 060798F126C2D4E400EF732C /* Project object */;
}
